
Microsoft Visual Studio Solution File, Format Version 12.00
Project("{FAE04EC0-301F-11D3-BF4B-00C04F79EFBC}") = "SharedService.SharedKernel", "SharedService.SharedKernel\SharedService.SharedKernel.csproj", "{A6B070BA-2BF6-4547-96CB-0F2AF54C5CC6}"
EndProject
Project("{2150E333-8FDC-42A3-9474-1A3956D46DE8}") = "SolutionFolder", "SolutionFolder", "{9D4AF189-A3A6-4A65-A632-F01069100786}"
	ProjectSection(SolutionItems) = preProject
		.editorconfig = .editorconfig
		Directory.Build.props = Directory.Build.props
		Directory.Packages.props = Directory.Packages.props
		.gitignore = .gitignore
	EndProjectSection
EndProject
Project("{FAE04EC0-301F-11D3-BF4B-00C04F79EFBC}") = "SharedService.Core", "SharedService.Core\SharedService.Core.csproj", "{BEB1A8A0-3DC9-42E6-B8AE-D56015B8D5B2}"
EndProject
Project("{FAE04EC0-301F-11D3-BF4B-00C04F79EFBC}") = "SharedService.Framework", "SharedService.Framework\SharedService.Framework.csproj", "{61D68250-CF90-4A1D-BFDB-1D7BB94E75CE}"
EndProject
Global
	GlobalSection(SolutionConfigurationPlatforms) = preSolution
		Debug|Any CPU = Debug|Any CPU
		Release|Any CPU = Release|Any CPU
	EndGlobalSection
	GlobalSection(ProjectConfigurationPlatforms) = postSolution
		{A6B070BA-2BF6-4547-96CB-0F2AF54C5CC6}.Debug|Any CPU.ActiveCfg = Debug|Any CPU
		{A6B070BA-2BF6-4547-96CB-0F2AF54C5CC6}.Debug|Any CPU.Build.0 = Debug|Any CPU
		{A6B070BA-2BF6-4547-96CB-0F2AF54C5CC6}.Release|Any CPU.ActiveCfg = Release|Any CPU
		{A6B070BA-2BF6-4547-96CB-0F2AF54C5CC6}.Release|Any CPU.Build.0 = Release|Any CPU
		{BEB1A8A0-3DC9-42E6-B8AE-D56015B8D5B2}.Debug|Any CPU.ActiveCfg = Debug|Any CPU
		{BEB1A8A0-3DC9-42E6-B8AE-D56015B8D5B2}.Debug|Any CPU.Build.0 = Debug|Any CPU
		{BEB1A8A0-3DC9-42E6-B8AE-D56015B8D5B2}.Release|Any CPU.ActiveCfg = Release|Any CPU
		{BEB1A8A0-3DC9-42E6-B8AE-D56015B8D5B2}.Release|Any CPU.Build.0 = Release|Any CPU
		{61D68250-CF90-4A1D-BFDB-1D7BB94E75CE}.Debug|Any CPU.ActiveCfg = Debug|Any CPU
		{61D68250-CF90-4A1D-BFDB-1D7BB94E75CE}.Debug|Any CPU.Build.0 = Debug|Any CPU
		{61D68250-CF90-4A1D-BFDB-1D7BB94E75CE}.Release|Any CPU.ActiveCfg = Release|Any CPU
		{61D68250-CF90-4A1D-BFDB-1D7BB94E75CE}.Release|Any CPU.Build.0 = Release|Any CPU
	EndGlobalSection
EndGlobal
